
Microsoft Visual Studio Solution File, Format Version 12.00
# Visual Studio Version 17
VisualStudioVersion = 17.7.34202.233
MinimumVisualStudioVersion = 10.0.40219.1
Project("{9A19103F-16F7-4668-BE54-9A1E7A4F7556}") = "TrackerLibrary", "TrackerLibrary\TrackerLibrary.csproj", "{C1439590-5C19-4ED3-A6D5-AC1ACC6E27E4}"
EndProject
Project("{FAE04EC0-301F-11D3-BF4B-00C04F79EFBC}") = "TrackerUI", "TrackerUI\TrackerUI.csproj", "{74AD9158-6601-4834-820C-22510DF048AE}"
EndProject
Global
	GlobalSection(SolutionConfigurationPlatforms) = preSolution
		Debug|Any CPU = Debug|Any CPU
		Release|Any CPU = Release|Any CPU
	EndGlobalSection
	GlobalSection(ProjectConfigurationPlatforms) = postSolution
		{C1439590-5C19-4ED3-A6D5-AC1ACC6E27E4}.Debug|Any CPU.ActiveCfg = Debug|Any CPU
		{C1439590-5C19-4ED3-A6D5-AC1ACC6E27E4}.Debug|Any CPU.Build.0 = Debug|Any CPU
		{C1439590-5C19-4ED3-A6D5-AC1ACC6E27E4}.Release|Any CPU.ActiveCfg = Release|Any CPU
		{C1439590-5C19-4ED3-A6D5-AC1ACC6E27E4}.Release|Any CPU.Build.0 = Release|Any CPU
		{74AD9158-6601-4834-820C-22510DF048AE}.Debug|Any CPU.ActiveCfg = Debug|Any CPU
		{74AD9158-6601-4834-820C-22510DF048AE}.Debug|Any CPU.Build.0 = Debug|Any CPU
		{74AD9158-6601-4834-820C-22510DF048AE}.Release|Any CPU.ActiveCfg = Release|Any CPU
		{74AD9158-6601-4834-820C-22510DF048AE}.Release|Any CPU.Build.0 = Release|Any CPU
	EndGlobalSection
	GlobalSection(SolutionProperties) = preSolution
		HideSolutionNode = FALSE
	EndGlobalSection
	GlobalSection(ExtensibilityGlobals) = postSolution
		SolutionGuid = {D52BA602-2F71-49AE-BFF4-0B68C5E91AB3}
	EndGlobalSection
EndGlobal
